// !$*UTF8*$!
{
	archiveVersion = 1;
	classes = {
	};
	objectVersion = 48;
	objects = {

/* Begin PBXBuildFile section */
		27619C96200BA66B00435558 /* AppDelegate.swift in Sources */ = {isa = PBXBuildFile; fileRef = 27619C95200BA66B00435558 /* AppDelegate.swift */; };
		27619C98200BA66B00435558 /* ViewController.swift in Sources */ = {isa = PBXBuildFile; fileRef = 27619C97200BA66B00435558 /* ViewController.swift */; };
		27619C9B200BA66B00435558 /* Main.storyboard in Resources */ = {isa = PBXBuildFile; fileRef = 27619C99200BA66B00435558 /* Main.storyboard */; };
		27619C9D200BA66B00435558 /* Assets.xcassets in Resources */ = {isa = PBXBuildFile; fileRef = 27619C9C200BA66B00435558 /* Assets.xcassets */; };
		27619CA0200BA66B00435558 /* LaunchScreen.storyboard in Resources */ = {isa = PBXBuildFile; fileRef = 27619C9E200BA66B00435558 /* LaunchScreen.storyboard */; };
		27619CA8200BB90500435558 /* ExpandableName.swift in Sources */ = {isa = PBXBuildFile; fileRef = 27619CA7200BB90500435558 /* ExpandableName.swift */; };
		27619CAA200BBE6400435558 /* ContactCell.swift in Sources */ = {isa = PBXBuildFile; fileRef = 27619CA9200BBE6400435558 /* ContactCell.swift */; };
		27619CB0200BDB3D00435558 /* ViewControllerTableViewExtension.swift in Sources */ = {isa = PBXBuildFile; fileRef = 27619CAF200BDB3D00435558 /* ViewControllerTableViewExtension.swift */; };
		27619CB2200BDB9F00435558 /* ViewControllerHandlersExtension.swift in Sources */ = {isa = PBXBuildFile; fileRef = 27619CB1200BDB9F00435558 /* ViewControllerHandlersExtension.swift */; };
/* End PBXBuildFile section */

/* Begin PBXFileReference section */
		27619C92200BA66B00435558 /* Contacts-App.app */ = {isa = PBXFileReference; explicitFileType = wrapper.application; includeInIndex = 0; path = "Contacts-App.app"; sourceTree = BUILT_PRODUCTS_DIR; };
		27619C95200BA66B00435558 /* AppDelegate.swift */ = {isa = PBXFileReference; lastKnownFileType = sourcecode.swift; path = AppDelegate.swift; sourceTree = "<group>"; };
		27619C97200BA66B00435558 /* ViewController.swift */ = {isa = PBXFileReference; lastKnownFileType = sourcecode.swift; path = ViewController.swift; sourceTree = "<group>"; };
		27619C9A200BA66B00435558 /* Base */ = {isa = PBXFileReference; lastKnownFileType = file.storyboard; name = Base; path = Base.lproj/Main.storyboard; sourceTree = "<group>"; };
		27619C9C200BA66B00435558 /* Assets.xcassets */ = {isa = PBXFileReference; lastKnownFileType = folder.assetcatalog; path = Assets.xcassets; sourceTree = "<group>"; };
		27619C9F200BA66B00435558 /* Base */ = {isa = PBXFileReference; lastKnownFileType = file.storyboard; name = Base; path = Base.lproj/LaunchScreen.storyboard; sourceTree = "<group>"; };
		27619CA1200BA66B00435558 /* Info.plist */ = {isa = PBXFileReference; lastKnownFileType = text.plist.xml; path = Info.plist; sourceTree = "<group>"; };
		27619CA7200BB90500435558 /* ExpandableName.swift */ = {isa = PBXFileReference; lastKnownFileType = sourcecode.swift; path = ExpandableName.swift; sourceTree = "<group>"; };
		27619CA9200BBE6400435558 /* ContactCell.swift */ = {isa = PBXFileReference; lastKnownFileType = sourcecode.swift; path = ContactCell.swift; sourceTree = "<group>"; };
		27619CAF200BDB3D00435558 /* ViewControllerTableViewExtension.swift */ = {isa = PBXFileReference; lastKnownFileType = sourcecode.swift; path = ViewControllerTableViewExtension.swift; sourceTree = "<group>"; };
		27619CB1200BDB9F00435558 /* ViewControllerHandlersExtension.swift */ = {isa = PBXFileReference; lastKnownFileType = sourcecode.swift; path = ViewControllerHandlersExtension.swift; sourceTree = "<group>"; };
/* End PBXFileReference section */

/* Begin PBXFrameworksBuildPhase section */
		27619C8F200BA66B00435558 /* Frameworks */ = {
			isa = PBXFrameworksBuildPhase;
			buildActionMask = 2147483647;
			files = (
			);
			runOnlyForDeploymentPostprocessing = 0;
		};
/* End PBXFrameworksBuildPhase section */

/* Begin PBXGroup section */
		27619C89200BA66B00435558 = {
			isa = PBXGroup;
			children = (
				27619C94200BA66B00435558 /* Contacts-App */,
				27619C93200BA66B00435558 /* Products */,
			);
			sourceTree = "<group>";
		};
		27619C93200BA66B00435558 /* Products */ = {
			isa = PBXGroup;
			children = (
				27619C92200BA66B00435558 /* Contacts-App.app */,
			);
			name = Products;
			sourceTree = "<group>";
		};
		27619C94200BA66B00435558 /* Contacts-App */ = {
			isa = PBXGroup;
			children = (
				27619CAE200BDAFB00435558 /* Extensions */,
				27619CAD200BDAF000435558 /* Controllers */,
				27619CAC200BDAE000435558 /* Views */,
				27619CAB200BDAD900435558 /* Models */,
				27619C95200BA66B00435558 /* AppDelegate.swift */,
				27619C99200BA66B00435558 /* Main.storyboard */,
				27619C9C200BA66B00435558 /* Assets.xcassets */,
				27619C9E200BA66B00435558 /* LaunchScreen.storyboard */,
				27619CA1200BA66B00435558 /* Info.plist */,
			);
			path = "Contacts-App";
			sourceTree = "<group>";
		};
		27619CAB200BDAD900435558 /* Models */ = {
			isa = PBXGroup;
			children = (
				27619CA7200BB90500435558 /* ExpandableName.swift */,
			);
			path = Models;
			sourceTree = "<group>";
		};
		27619CAC200BDAE000435558 /* Views */ = {
			isa = PBXGroup;
			children = (
				27619CA9200BBE6400435558 /* ContactCell.swift */,
			);
			path = Views;
			sourceTree = "<group>";
		};
		27619CAD200BDAF000435558 /* Controllers */ = {
			isa = PBXGroup;
			children = (
				27619C97200BA66B00435558 /* ViewController.swift */,
			);
			path = Controllers;
			sourceTree = "<group>";
		};
		27619CAE200BDAFB00435558 /* Extensions */ = {
			isa = PBXGroup;
			children = (
				27619CAF200BDB3D00435558 /* ViewControllerTableViewExtension.swift */,
				27619CB1200BDB9F00435558 /* ViewControllerHandlersExtension.swift */,
			);
			path = Extensions;
			sourceTree = "<group>";
		};
/* End PBXGroup section */

/* Begin PBXNativeTarget section */
		27619C91200BA66B00435558 /* Contacts-App */ = {
			isa = PBXNativeTarget;
			buildConfigurationList = 27619CA4200BA66B00435558 /* Build configuration list for PBXNativeTarget "Contacts-App" */;
			buildPhases = (
				27619C8E200BA66B00435558 /* Sources */,
				27619C8F200BA66B00435558 /* Frameworks */,
				27619C90200BA66B00435558 /* Resources */,
			);
			buildRules = (
			);
			dependencies = (
			);
			name = "Contacts-App";
			productName = "Contacts-App";
			productReference = 27619C92200BA66B00435558 /* Contacts-App.app */;
			productType = "com.apple.product-type.application";
		};
/* End PBXNativeTarget section */

/* Begin PBXProject section */
		27619C8A200BA66B00435558 /* Project object */ = {
			isa = PBXProject;
			attributes = {
				LastSwiftUpdateCheck = 0920;
				LastUpgradeCheck = 0920;
				ORGANIZATIONNAME = "Tiago Santos";
				TargetAttributes = {
					27619C91200BA66B00435558 = {
						CreatedOnToolsVersion = 9.2;
						ProvisioningStyle = Automatic;
					};
				};
			};
			buildConfigurationList = 27619C8D200BA66B00435558 /* Build configuration list for PBXProject "Contacts-App" */;
			compatibilityVersion = "Xcode 8.0";
			developmentRegion = en;
			hasScannedForEncodings = 0;
			knownRegions = (
				en,
				Base,
			);
			mainGroup = 27619C89200BA66B00435558;
			productRefGroup = 27619C93200BA66B00435558 /* Products */;
			projectDirPath = "";
			projectRoot = "";
			targets = (
				27619C91200BA66B00435558 /* Contacts-App */,
			);
		};
/* End PBXProject section */

/* Begin PBXResourcesBuildPhase section */
		27619C90200BA66B00435558 /* Resources */ = {
			isa = PBXResourcesBuildPhase;
			buildActionMask = 2147483647;
			files = (
				27619CA0200BA66B00435558 /* LaunchScreen.storyboard in Resources */,
				27619C9D200BA66B00435558 /* Assets.xcassets in Resources */,
				27619C9B200BA66B00435558 /* Main.storyboard in Resources */,
			);
			runOnlyForDeploymentPostprocessing = 0;
		};
/* End PBXResourcesBuildPhase section */

/* Begin PBXSourcesBuildPhase section */
		27619C8E200BA66B00435558 /* Sources */ = {
			isa = PBXSourcesBuildPhase;
			buildActionMask = 2147483647;
			files = (
				27619CAA200BBE6400435558 /* ContactCell.swift in Sources */,
				27619C98200BA66B00435558 /* ViewController.swift in Sources */,
				27619C96200BA66B00435558 /* AppDelegate.swift in Sources */,
				27619CB0200BDB3D00435558 /* ViewControllerTableViewExtension.swift in Sources */,
				27619CA8200BB90500435558 /* ExpandableName.swift in Sources */,
				27619CB2200BDB9F00435558 /* ViewControllerHandlersExtension.swift in Sources */,
			);
			runOnlyForDeploymentPostprocessing = 0;
		};
/* End PBXSourcesBuildPhase section */

/* Begin PBXVariantGroup section */
		27619C99200BA66B00435558 /* Main.storyboard */ = {
			isa = PBXVariantGroup;
			children = (
				27619C9A200BA66B00435558 /* Base */,
			);
			name = Main.storyboard;
			sourceTree = "<group>";
		};
		27619C9E200BA66B00435558 /* LaunchScreen.storyboard */ = {
			isa = PBXVariantGroup;
			children = (
				27619C9F200BA66B00435558 /* Base */,
			);
			name = LaunchScreen.storyboard;
			sourceTree = "<group>";
		};
/* End PBXVariantGroup section */

/* Begin XCBuildConfiguration section */
		27619CA2200BA66B00435558 /* Debug */ = {
			isa = XCBuildConfiguration;
			buildSettings = {
				ALWAYS_SEARCH_USER_PATHS = NO;
				CLANG_ANALYZER_NONNULL = YES;
				CLANG_ANALYZER_NUMBER_OBJECT_CONVERSION = YES_AGGRESSIVE;
				CLANG_CXX_LANGUAGE_STANDARD = "gnu++14";
				CLANG_CXX_LIBRARY = "libc++";
				CLANG_ENABLE_MODULES = YES;
				CLANG_ENABLE_OBJC_ARC = YES;
				CLANG_WARN_BLOCK_CAPTURE_AUTORELEASING = YES;
				CLANG_WARN_BOOL_CONVERSION = YES;
				CLANG_WARN_COMMA = YES;
				CLANG_WARN_CONSTANT_CONVERSION = YES;
				CLANG_WARN_DIRECT_OBJC_ISA_USAGE = YES_ERROR;
				CLANG_WARN_DOCUMENTATION_COMMENTS = YES;
				CLANG_WARN_EMPTY_BODY = YES;
				CLANG_WARN_ENUM_CONVERSION = YES;
				CLANG_WARN_INFINITE_RECURSION = YES;
				CLANG_WARN_INT_CONVERSION = YES;
				CLANG_WARN_NON_LITERAL_NULL_CONVERSION = YES;
				CLANG_WARN_OBJC_LITERAL_CONVERSION = YES;
				CLANG_WARN_OBJC_ROOT_CLASS = YES_ERROR;
				CLANG_WARN_RANGE_LOOP_ANALYSIS = YES;
				CLANG_WARN_STRICT_PROTOTYPES = YES;
				CLANG_WARN_SUSPICIOUS_MOVE = YES;
				CLANG_WARN_UNGUARDED_AVAILABILITY = YES_AGGRESSIVE;
				CLANG_WARN_UNREACHABLE_CODE = YES;
				CLANG_WARN__DUPLICATE_METHOD_MATCH = YES;
				CODE_SIGN_IDENTITY = "iPhone Developer";
				COPY_PHASE_STRIP = NO;
				DEBUG_INFORMATION_FORMAT = dwarf;
				ENABLE_STRICT_OBJC_MSGSEND = YES;
				ENABLE_TESTABILITY = YES;
				GCC_C_LANGUAGE_STANDARD = gnu11;
				GCC_DYNAMIC_NO_PIC = NO;
				GCC_NO_COMMON_BLOCKS = YES;
				GCC_OPTIMIZATION_LEVEL = 0;
				GCC_PREPROCESSOR_DEFINITIONS = (
					"DEBUG=1",
					"$(inherited)",
				);
				GCC_WARN_64_TO_32_BIT_CONVERSION = YES;
				GCC_WARN_ABOUT_RETURN_TYPE = YES_ERROR;
				GCC_WARN_UNDECLARED_SELECTOR = YES;
				GCC_WARN_UNINITIALIZED_AUTOS = YES_AGGRESSIVE;
				GCC_WARN_UNUSED_FUNCTION = YES;
				GCC_WARN_UNUSED_VARIABLE = YES;
				IPHONEOS_DEPLOYMENT_TARGET = 11.2;
				MTL_ENABLE_DEBUG_INFO = YES;
				ONLY_ACTIVE_ARCH = YES;
				SDKROOT = iphoneos;
				SWIFT_ACTIVE_COMPILATION_CONDITIONS = DEBUG;
				SWIFT_OPTIMIZATION_LEVEL = "-Onone";
			};
			name = Debug;
		};
		27619CA3200BA66B00435558 /* Release */ = {
			isa = XCBuildConfiguration;
			buildSettings = {
				ALWAYS_SEARCH_USER_PATHS = NO;
				CLANG_ANALYZER_NONNULL = YES;
				CLANG_ANALYZER_NUMBER_OBJECT_CONVERSION = YES_AGGRESSIVE;
				CLANG_CXX_LANGUAGE_STANDARD = "gnu++14";
				CLANG_CXX_LIBRARY = "libc++";
				CLANG_ENABLE_MODULES = YES;
				CLANG_ENABLE_OBJC_ARC = YES;
				CLANG_WARN_BLOCK_CAPTURE_AUTORELEASING = YES;
				CLANG_WARN_BOOL_CONVERSION = YES;
				CLANG_WARN_COMMA = YES;
				CLANG_WARN_CONSTANT_CONVERSION = YES;
				CLANG_WARN_DIRECT_OBJC_ISA_USAGE = YES_ERROR;
				CLANG_WARN_DOCUMENTATION_COMMENTS = YES;
				CLANG_WARN_EMPTY_BODY = YES;
				CLANG_WARN_ENUM_CONVERSION = YES;
				CLANG_WARN_INFINITE_RECURSION = YES;
				CLANG_WARN_INT_CONVERSION = YES;
				CLANG_WARN_NON_LITERAL_NULL_CONVERSION = YES;
				CLANG_WARN_OBJC_LITERAL_CONVERSION = YES;
				CLANG_WARN_OBJC_ROOT_CLASS = YES_ERROR;
				CLANG_WARN_RANGE_LOOP_ANALYSIS = YES;
				CLANG_WARN_STRICT_PROTOTYPES = YES;
				CLANG_WARN_SUSPICIOUS_MOVE = YES;
				CLANG_WARN_UNGUARDED_AVAILABILITY = YES_AGGRESSIVE;
				CLANG_WARN_UNREACHABLE_CODE = YES;
				CLANG_WARN__DUPLICATE_METHOD_MATCH = YES;
				CODE_SIGN_IDENTITY = "iPhone Developer";
				COPY_PHASE_STRIP = NO;
				DEBUG_INFORMATION_FORMAT = "dwarf-with-dsym";
				ENABLE_NS_ASSERTIONS = NO;
				ENABLE_STRICT_OBJC_MSGSEND = YES;
				GCC_C_LANGUAGE_STANDARD = gnu11;
				GCC_NO_COMMON_BLOCKS = YES;
				GCC_WARN_64_TO_32_BIT_CONVERSION = YES;
				GCC_WARN_ABOUT_RETURN_TYPE = YES_ERROR;
				GCC_WARN_UNDECLARED_SELECTOR = YES;
				GCC_WARN_UNINITIALIZED_AUTOS = YES_AGGRESSIVE;
				GCC_WARN_UNUSED_FUNCTION = YES;
				GCC_WARN_UNUSED_VARIABLE = YES;
				IPHONEOS_DEPLOYMENT_TARGET = 11.2;
				MTL_ENABLE_DEBUG_INFO = NO;
				SDKROOT = iphoneos;
				SWIFT_OPTIMIZATION_LEVEL = "-Owholemodule";
				VALIDATE_PRODUCT = YES;
			};
			name = Release;
		};
		27619CA5200BA66B00435558 /* Debug */ = {
			isa = XCBuildConfiguration;
			buildSettings = {
				ASSETCATALOG_COMPILER_APPICON_NAME = AppIcon;
				CODE_SIGN_STYLE = Automatic;
				DEVELOPMENT_TEAM = 64E8842TP6;
				INFOPLIST_FILE = "Contacts-App/Info.plist";
				LD_RUNPATH_SEARCH_PATHS = "$(inherited) @executable_path/Frameworks";
				PRODUCT_BUNDLE_IDENTIFIER = "Tiago-Santos.Contacts-App";
				PRODUCT_NAME = "$(TARGET_NAME)";
				SWIFT_VERSION = 4.0;
				TARGETED_DEVICE_FAMILY = "1,2";
			};
			name = Debug;
		};
		27619CA6200BA66B00435558 /* Release */ = {
			isa = XCBuildConfiguration;
			buildSettings = {
				ASSETCATALOG_COMPILER_APPICON_NAME = AppIcon;
				CODE_SIGN_STYLE = Automatic;
				DEVELOPMENT_TEAM = 64E8842TP6;
				INFOPLIST_FILE = "Contacts-App/Info.plist";
				LD_RUNPATH_SEARCH_PATHS = "$(inherited) @executable_path/Frameworks";
				PRODUCT_BUNDLE_IDENTIFIER = "Tiago-Santos.Contacts-App";
				PRODUCT_NAME = "$(TARGET_NAME)";
				SWIFT_VERSION = 4.0;
				TARGETED_DEVICE_FAMILY = "1,2";
			};
			name = Release;
		};
/* End XCBuildConfiguration section */

/* Begin XCConfigurationList section */
		27619C8D200BA66B00435558 /* Build configuration list for PBXProject "Contacts-App" */ = {
			isa = XCConfigurationList;
			buildConfigurations = (
				27619CA2200BA66B00435558 /* Debug */,
				27619CA3200BA66B00435558 /* Release */,
			);
			defaultConfigurationIsVisible = 0;
			defaultConfigurationName = Release;
		};
		27619CA4200BA66B00435558 /* Build configuration list for PBXNativeTarget "Contacts-App" */ = {
			isa = XCConfigurationList;
			buildConfigurations = (
				27619CA5200BA66B00435558 /* Debug */,
				27619CA6200BA66B00435558 /* Release */,
			);
			defaultConfigurationIsVisible = 0;
			defaultConfigurationName = Release;
		};
/* End XCConfigurationList section */
	};
	rootObject = 27619C8A200BA66B00435558 /* Project object */;
}
